
Microsoft Visual Studio Solution File, Format Version 12.00
# Visual Studio 15
VisualStudioVersion = 15.0.27130.2036
MinimumVisualStudioVersion = 10.0.40219.1
Project("{2150E333-8FDC-42A3-9474-1A3956D46DE8}") = "src", "src", "{4B560AEB-80FC-41DC-ADFC-76EB06C5C1C0}"
EndProject
Project("{2150E333-8FDC-42A3-9474-1A3956D46DE8}") = "test", "test", "{23F8D0E3-15F6-42DC-8F51-4AFC0A441340}"
EndProject
Project("{2150E333-8FDC-42A3-9474-1A3956D46DE8}") = "Application", "Application", "{057810FB-FB12-4228-80F8-5422FC955E54}"
EndProject
Project("{9A19103F-16F7-4668-BE54-9A1E7A4F7556}") = "CoreSolution.Dto", "CoreSolution.Dto\CoreSolution.Dto.csproj", "{BA2CD513-826D-4A3D-9A58-7C377351D997}"
EndProject
Project("{9A19103F-16F7-4668-BE54-9A1E7A4F7556}") = "CoreSolution.IService", "CoreSolution.IService\CoreSolution.IService.csproj", "{00A6AF5F-2470-4767-B4A4-88ECC295CDFA}"
EndProject
Project("{9A19103F-16F7-4668-BE54-9A1E7A4F7556}") = "CoreSolution.Service", "CoreSolution.Service\CoreSolution.Service.csproj", "{1BB04A36-7D7E-4739-B618-6A7B20A0F1AF}"
EndProject
Project("{2150E333-8FDC-42A3-9474-1A3956D46DE8}") = "Cache", "Cache", "{C4B81929-E6BA-4C06-A539-BC7D4B9FFB80}"
EndProject
Project("{9A19103F-16F7-4668-BE54-9A1E7A4F7556}") = "CoreSolution.Redis", "CoreSolution.Redis\CoreSolution.Redis.csproj", "{EF7CE70F-C19A-4C1B-BD34-BD365D0B3B66}"
EndProject
Project("{2150E333-8FDC-42A3-9474-1A3956D46DE8}") = "Core", "Core", "{2C91E4C3-1D51-4E68-B481-FDB3AA48DB06}"
EndProject
Project("{9A19103F-16F7-4668-BE54-9A1E7A4F7556}") = "CoreSolution.Domain", "CoreSolution.Domain\CoreSolution.Domain.csproj", "{490CD816-928B-4A18-B7F4-C1F2A6188966}"
EndProject
Project("{9A19103F-16F7-4668-BE54-9A1E7A4F7556}") = "CoreSolution.Repository", "CoreSolution.Repository\CoreSolution.Repository.csproj", "{98B66B20-64C1-4ACE-86A5-E69360148AE1}"
EndProject
Project("{2150E333-8FDC-42A3-9474-1A3956D46DE8}") = "Data", "Data", "{EE04F88C-9676-47AD-B96F-7AFFBF975639}"
EndProject
Project("{9A19103F-16F7-4668-BE54-9A1E7A4F7556}") = "CoreSolution.EntityFrameworkCore", "CoreSolution.EntityFrameworkCore\CoreSolution.EntityFrameworkCore.csproj", "{913404A6-3E24-4772-8A76-B3E07C05573D}"
EndProject
Project("{2150E333-8FDC-42A3-9474-1A3956D46DE8}") = "Extras", "Extras", "{1971A178-FF91-4FAE-AC16-244B6E2060CB}"
EndProject
Project("{2150E333-8FDC-42A3-9474-1A3956D46DE8}") = "Infrastructure", "Infrastructure", "{64758B08-5C6D-4F84-BA2F-C0BC1809F32C}"
EndProject
Project("{9A19103F-16F7-4668-BE54-9A1E7A4F7556}") = "CoreSolution.Tools", "CoreSolution.Tools\CoreSolution.Tools.csproj", "{78CFC31C-DC57-41D3-8787-3985E6BC12C9}"
EndProject
Project("{2150E333-8FDC-42A3-9474-1A3956D46DE8}") = "Web", "Web", "{B7C78844-DDA7-4931-A137-DD7F1BFFA7E7}"
EndProject
Project("{9A19103F-16F7-4668-BE54-9A1E7A4F7556}") = "CoreSolution.WebApi", "CoreSolution.WebApi\CoreSolution.WebApi.csproj", "{CEFD4F8B-0282-48E0-BEEA-45441D5F9279}"
EndProject
Project("{9A19103F-16F7-4668-BE54-9A1E7A4F7556}") = "CoreSolution.Console.Test", "CoreSolution.Console.Test\CoreSolution.Console.Test.csproj", "{D1F0FB29-A5EF-45C2-B058-71A2879ACDC3}"
EndProject
Project("{FAE04EC0-301F-11D3-BF4B-00C04F79EFBC}") = "CoreSolution.AutoMapper", "CoreSolution.AutoMapper\CoreSolution.AutoMapper.csproj", "{078FFD1D-885A-44C8-B300-AC301E5B1BE6}"
EndProject
Global
	GlobalSection(SolutionConfigurationPlatforms) = preSolution
		Debug|Any CPU = Debug|Any CPU
		Release|Any CPU = Release|Any CPU
	EndGlobalSection
	GlobalSection(ProjectConfigurationPlatforms) = postSolution
		{BA2CD513-826D-4A3D-9A58-7C377351D997}.Debug|Any CPU.ActiveCfg = Debug|Any CPU
		{BA2CD513-826D-4A3D-9A58-7C377351D997}.Debug|Any CPU.Build.0 = Debug|Any CPU
		{BA2CD513-826D-4A3D-9A58-7C377351D997}.Release|Any CPU.ActiveCfg = Release|Any CPU
		{BA2CD513-826D-4A3D-9A58-7C377351D997}.Release|Any CPU.Build.0 = Release|Any CPU
		{00A6AF5F-2470-4767-B4A4-88ECC295CDFA}.Debug|Any CPU.ActiveCfg = Debug|Any CPU
		{00A6AF5F-2470-4767-B4A4-88ECC295CDFA}.Debug|Any CPU.Build.0 = Debug|Any CPU
		{00A6AF5F-2470-4767-B4A4-88ECC295CDFA}.Release|Any CPU.ActiveCfg = Release|Any CPU
		{00A6AF5F-2470-4767-B4A4-88ECC295CDFA}.Release|Any CPU.Build.0 = Release|Any CPU
		{1BB04A36-7D7E-4739-B618-6A7B20A0F1AF}.Debug|Any CPU.ActiveCfg = Debug|Any CPU
		{1BB04A36-7D7E-4739-B618-6A7B20A0F1AF}.Debug|Any CPU.Build.0 = Debug|Any CPU
		{1BB04A36-7D7E-4739-B618-6A7B20A0F1AF}.Release|Any CPU.ActiveCfg = Release|Any CPU
		{1BB04A36-7D7E-4739-B618-6A7B20A0F1AF}.Release|Any CPU.Build.0 = Release|Any CPU
		{EF7CE70F-C19A-4C1B-BD34-BD365D0B3B66}.Debug|Any CPU.ActiveCfg = Debug|Any CPU
		{EF7CE70F-C19A-4C1B-BD34-BD365D0B3B66}.Debug|Any CPU.Build.0 = Debug|Any CPU
		{EF7CE70F-C19A-4C1B-BD34-BD365D0B3B66}.Release|Any CPU.ActiveCfg = Release|Any CPU
		{EF7CE70F-C19A-4C1B-BD34-BD365D0B3B66}.Release|Any CPU.Build.0 = Release|Any CPU
		{490CD816-928B-4A18-B7F4-C1F2A6188966}.Debug|Any CPU.ActiveCfg = Debug|Any CPU
		{490CD816-928B-4A18-B7F4-C1F2A6188966}.Debug|Any CPU.Build.0 = Debug|Any CPU
		{490CD816-928B-4A18-B7F4-C1F2A6188966}.Release|Any CPU.ActiveCfg = Release|Any CPU
		{490CD816-928B-4A18-B7F4-C1F2A6188966}.Release|Any CPU.Build.0 = Release|Any CPU
		{98B66B20-64C1-4ACE-86A5-E69360148AE1}.Debug|Any CPU.ActiveCfg = Debug|Any CPU
		{98B66B20-64C1-4ACE-86A5-E69360148AE1}.Debug|Any CPU.Build.0 = Debug|Any CPU
		{98B66B20-64C1-4ACE-86A5-E69360148AE1}.Release|Any CPU.ActiveCfg = Release|Any CPU
		{98B66B20-64C1-4ACE-86A5-E69360148AE1}.Release|Any CPU.Build.0 = Release|Any CPU
		{913404A6-3E24-4772-8A76-B3E07C05573D}.Debug|Any CPU.ActiveCfg = Debug|Any CPU
		{913404A6-3E24-4772-8A76-B3E07C05573D}.Debug|Any CPU.Build.0 = Debug|Any CPU
		{913404A6-3E24-4772-8A76-B3E07C05573D}.Release|Any CPU.ActiveCfg = Release|Any CPU
		{913404A6-3E24-4772-8A76-B3E07C05573D}.Release|Any CPU.Build.0 = Release|Any CPU
		{78CFC31C-DC57-41D3-8787-3985E6BC12C9}.Debug|Any CPU.ActiveCfg = Debug|Any CPU
		{78CFC31C-DC57-41D3-8787-3985E6BC12C9}.Debug|Any CPU.Build.0 = Debug|Any CPU
		{78CFC31C-DC57-41D3-8787-3985E6BC12C9}.Release|Any CPU.ActiveCfg = Release|Any CPU
		{78CFC31C-DC57-41D3-8787-3985E6BC12C9}.Release|Any CPU.Build.0 = Release|Any CPU
		{CEFD4F8B-0282-48E0-BEEA-45441D5F9279}.Debug|Any CPU.ActiveCfg = Debug|Any CPU
		{CEFD4F8B-0282-48E0-BEEA-45441D5F9279}.Debug|Any CPU.Build.0 = Debug|Any CPU
		{CEFD4F8B-0282-48E0-BEEA-45441D5F9279}.Release|Any CPU.ActiveCfg = Release|Any CPU
		{CEFD4F8B-0282-48E0-BEEA-45441D5F9279}.Release|Any CPU.Build.0 = Release|Any CPU
		{D1F0FB29-A5EF-45C2-B058-71A2879ACDC3}.Debug|Any CPU.ActiveCfg = Debug|Any CPU
		{D1F0FB29-A5EF-45C2-B058-71A2879ACDC3}.Debug|Any CPU.Build.0 = Debug|Any CPU
		{D1F0FB29-A5EF-45C2-B058-71A2879ACDC3}.Release|Any CPU.ActiveCfg = Release|Any CPU
		{D1F0FB29-A5EF-45C2-B058-71A2879ACDC3}.Release|Any CPU.Build.0 = Release|Any CPU
		{078FFD1D-885A-44C8-B300-AC301E5B1BE6}.Debug|Any CPU.ActiveCfg = Debug|Any CPU
		{078FFD1D-885A-44C8-B300-AC301E5B1BE6}.Debug|Any CPU.Build.0 = Debug|Any CPU
		{078FFD1D-885A-44C8-B300-AC301E5B1BE6}.Release|Any CPU.ActiveCfg = Release|Any CPU
		{078FFD1D-885A-44C8-B300-AC301E5B1BE6}.Release|Any CPU.Build.0 = Release|Any CPU
	EndGlobalSection
	GlobalSection(SolutionProperties) = preSolution
		HideSolutionNode = FALSE
	EndGlobalSection
	GlobalSection(NestedProjects) = preSolution
		{057810FB-FB12-4228-80F8-5422FC955E54} = {4B560AEB-80FC-41DC-ADFC-76EB06C5C1C0}
		{BA2CD513-826D-4A3D-9A58-7C377351D997} = {057810FB-FB12-4228-80F8-5422FC955E54}
		{00A6AF5F-2470-4767-B4A4-88ECC295CDFA} = {057810FB-FB12-4228-80F8-5422FC955E54}
		{1BB04A36-7D7E-4739-B618-6A7B20A0F1AF} = {057810FB-FB12-4228-80F8-5422FC955E54}
		{C4B81929-E6BA-4C06-A539-BC7D4B9FFB80} = {4B560AEB-80FC-41DC-ADFC-76EB06C5C1C0}
		{EF7CE70F-C19A-4C1B-BD34-BD365D0B3B66} = {C4B81929-E6BA-4C06-A539-BC7D4B9FFB80}
		{2C91E4C3-1D51-4E68-B481-FDB3AA48DB06} = {4B560AEB-80FC-41DC-ADFC-76EB06C5C1C0}
		{490CD816-928B-4A18-B7F4-C1F2A6188966} = {2C91E4C3-1D51-4E68-B481-FDB3AA48DB06}
		{98B66B20-64C1-4ACE-86A5-E69360148AE1} = {2C91E4C3-1D51-4E68-B481-FDB3AA48DB06}
		{EE04F88C-9676-47AD-B96F-7AFFBF975639} = {4B560AEB-80FC-41DC-ADFC-76EB06C5C1C0}
		{913404A6-3E24-4772-8A76-B3E07C05573D} = {EE04F88C-9676-47AD-B96F-7AFFBF975639}
		{1971A178-FF91-4FAE-AC16-244B6E2060CB} = {4B560AEB-80FC-41DC-ADFC-76EB06C5C1C0}
		{64758B08-5C6D-4F84-BA2F-C0BC1809F32C} = {4B560AEB-80FC-41DC-ADFC-76EB06C5C1C0}
		{78CFC31C-DC57-41D3-8787-3985E6BC12C9} = {64758B08-5C6D-4F84-BA2F-C0BC1809F32C}
		{B7C78844-DDA7-4931-A137-DD7F1BFFA7E7} = {4B560AEB-80FC-41DC-ADFC-76EB06C5C1C0}
		{CEFD4F8B-0282-48E0-BEEA-45441D5F9279} = {B7C78844-DDA7-4931-A137-DD7F1BFFA7E7}
		{D1F0FB29-A5EF-45C2-B058-71A2879ACDC3} = {23F8D0E3-15F6-42DC-8F51-4AFC0A441340}
		{078FFD1D-885A-44C8-B300-AC301E5B1BE6} = {1971A178-FF91-4FAE-AC16-244B6E2060CB}
	EndGlobalSection
	GlobalSection(ExtensibilityGlobals) = postSolution
		SolutionGuid = {444FF868-61E4-4D2E-993C-306228042DFB}
	EndGlobalSection
EndGlobal
